// !$*UTF8*$!
{
	archiveVersion = 1;
	classes = {
	};
	objectVersion = 46;
	objects = {

/* Begin PBXBuildFile section */
		OBJ_43 /* Accessors.swift in Sources */ = {isa = PBXBuildFile; fileRef = OBJ_9 /* Accessors.swift */; };
		OBJ_44 /* DecimalNumber.swift in Sources */ = {isa = PBXBuildFile; fileRef = OBJ_10 /* DecimalNumber.swift */; };
		OBJ_45 /* Decoder.swift in Sources */ = {isa = PBXBuildFile; fileRef = OBJ_11 /* Decoder.swift */; };
		OBJ_46 /* Encoder.swift in Sources */ = {isa = PBXBuildFile; fileRef = OBJ_12 /* Encoder.swift */; };
		OBJ_47 /* JSON.swift in Sources */ = {isa = PBXBuildFile; fileRef = OBJ_13 /* JSON.swift */; };
		OBJ_48 /* JSONError.swift in Sources */ = {isa = PBXBuildFile; fileRef = OBJ_14 /* JSONError.swift */; };
		OBJ_49 /* JSONObject.swift in Sources */ = {isa = PBXBuildFile; fileRef = OBJ_15 /* JSONObject.swift */; };
		OBJ_50 /* ObjectiveC.swift in Sources */ = {isa = PBXBuildFile; fileRef = OBJ_16 /* ObjectiveC.swift */; };
		OBJ_51 /* Parser.swift in Sources */ = {isa = PBXBuildFile; fileRef = OBJ_17 /* Parser.swift */; };
		OBJ_58 /* CBridge.swift in Sources */ = {isa = PBXBuildFile; fileRef = OBJ_19 /* CBridge.swift */; };
		OBJ_59 /* OSUConsoleLoggerObserver.swift in Sources */ = {isa = PBXBuildFile; fileRef = OBJ_20 /* OSUConsoleLoggerObserver.swift */; };
		OBJ_60 /* OSULog.swift in Sources */ = {isa = PBXBuildFile; fileRef = OBJ_21 /* OSULog.swift */; };
		OBJ_61 /* OSULogger+JSON.swift in Sources */ = {isa = PBXBuildFile; fileRef = OBJ_22 /* OSULogger+JSON.swift */; };
		OBJ_62 /* OSULogger+XML.swift in Sources */ = {isa = PBXBuildFile; fileRef = OBJ_23 /* OSULogger+XML.swift */; };
		OBJ_63 /* OSULogger.swift in Sources */ = {isa = PBXBuildFile; fileRef = OBJ_24 /* OSULogger.swift */; };
		OBJ_64 /* OSULoggerObserver.swift in Sources */ = {isa = PBXBuildFile; fileRef = OBJ_25 /* OSULoggerObserver.swift */; };
		OBJ_65 /* StringExtension.swift in Sources */ = {isa = PBXBuildFile; fileRef = OBJ_26 /* StringExtension.swift */; };
		OBJ_67 /* PMJSON.framework in Frameworks */ = {isa = PBXBuildFile; fileRef = OBJ_35 /* PMJSON.framework */; };
		OBJ_74 /* TestComplete.swift in Sources */ = {isa = PBXBuildFile; fileRef = OBJ_29 /* TestComplete.swift */; };
		OBJ_75 /* TestSimple.swift in Sources */ = {isa = PBXBuildFile; fileRef = OBJ_30 /* TestSimple.swift */; };
		OBJ_77 /* PMJSON.framework in Frameworks */ = {isa = PBXBuildFile; fileRef = OBJ_35 /* PMJSON.framework */; };
		OBJ_78 /* OSULogger.framework in Frameworks */ = {isa = PBXBuildFile; fileRef = OBJ_36 /* OSULogger.framework */; };
/* End PBXBuildFile section */

/* Begin PBXContainerItemProxy section */
		3C7647E91E2E7B9200F962E8 /* PBXContainerItemProxy */ = {
			isa = PBXContainerItemProxy;
			containerPortal = OBJ_1 /* Project object */;
			proxyType = 1;
			remoteGlobalIDString = OBJ_38;
			remoteInfo = PMJSON;
		};
		3C7647EA1E2E7B9200F962E8 /* PBXContainerItemProxy */ = {
			isa = PBXContainerItemProxy;
			containerPortal = OBJ_1 /* Project object */;
			proxyType = 1;
			remoteGlobalIDString = OBJ_38;
			remoteInfo = PMJSON;
		};
		3C7647EB1E2E7B9200F962E8 /* PBXContainerItemProxy */ = {
			isa = PBXContainerItemProxy;
			containerPortal = OBJ_1 /* Project object */;
			proxyType = 1;
			remoteGlobalIDString = OBJ_53;
			remoteInfo = OSULogger;
		};
/* End PBXContainerItemProxy section */

/* Begin PBXFileReference section */
		3C7647EC1E2E7CC900F962E8 /* exampleLog.json */ = {isa = PBXFileReference; fileEncoding = 4; lastKnownFileType = text.json; path = exampleLog.json; sourceTree = "<group>"; };
		3C7647ED1E2E7CC900F962E8 /* exampleLog.string */ = {isa = PBXFileReference; fileEncoding = 4; lastKnownFileType = text; path = exampleLog.string; sourceTree = "<group>"; };
		3C7647EE1E2E7CC900F962E8 /* exampleLog.xml */ = {isa = PBXFileReference; fileEncoding = 4; lastKnownFileType = text.xml; path = exampleLog.xml; sourceTree = "<group>"; };
		OBJ_10 /* DecimalNumber.swift */ = {isa = PBXFileReference; lastKnownFileType = sourcecode.swift; path = DecimalNumber.swift; sourceTree = "<group>"; };
		OBJ_11 /* Decoder.swift */ = {isa = PBXFileReference; lastKnownFileType = sourcecode.swift; path = Decoder.swift; sourceTree = "<group>"; };
		OBJ_12 /* Encoder.swift */ = {isa = PBXFileReference; lastKnownFileType = sourcecode.swift; path = Encoder.swift; sourceTree = "<group>"; };
		OBJ_13 /* JSON.swift */ = {isa = PBXFileReference; lastKnownFileType = sourcecode.swift; path = JSON.swift; sourceTree = "<group>"; };
		OBJ_14 /* JSONError.swift */ = {isa = PBXFileReference; lastKnownFileType = sourcecode.swift; path = JSONError.swift; sourceTree = "<group>"; };
		OBJ_15 /* JSONObject.swift */ = {isa = PBXFileReference; lastKnownFileType = sourcecode.swift; path = JSONObject.swift; sourceTree = "<group>"; };
		OBJ_16 /* ObjectiveC.swift */ = {isa = PBXFileReference; lastKnownFileType = sourcecode.swift; path = ObjectiveC.swift; sourceTree = "<group>"; };
		OBJ_17 /* Parser.swift */ = {isa = PBXFileReference; lastKnownFileType = sourcecode.swift; path = Parser.swift; sourceTree = "<group>"; };
		OBJ_19 /* CBridge.swift */ = {isa = PBXFileReference; lastKnownFileType = sourcecode.swift; path = CBridge.swift; sourceTree = "<group>"; };
		OBJ_20 /* OSUConsoleLoggerObserver.swift */ = {isa = PBXFileReference; lastKnownFileType = sourcecode.swift; path = OSUConsoleLoggerObserver.swift; sourceTree = "<group>"; };
		OBJ_21 /* OSULog.swift */ = {isa = PBXFileReference; lastKnownFileType = sourcecode.swift; path = OSULog.swift; sourceTree = "<group>"; };
		OBJ_22 /* OSULogger+JSON.swift */ = {isa = PBXFileReference; lastKnownFileType = sourcecode.swift; path = "OSULogger+JSON.swift"; sourceTree = "<group>"; };
		OBJ_23 /* OSULogger+XML.swift */ = {isa = PBXFileReference; lastKnownFileType = sourcecode.swift; path = "OSULogger+XML.swift"; sourceTree = "<group>"; };
		OBJ_24 /* OSULogger.swift */ = {isa = PBXFileReference; lastKnownFileType = sourcecode.swift; path = OSULogger.swift; sourceTree = "<group>"; };
		OBJ_25 /* OSULoggerObserver.swift */ = {isa = PBXFileReference; lastKnownFileType = sourcecode.swift; path = OSULoggerObserver.swift; sourceTree = "<group>"; };
		OBJ_26 /* StringExtension.swift */ = {isa = PBXFileReference; lastKnownFileType = sourcecode.swift; path = StringExtension.swift; sourceTree = "<group>"; };
		OBJ_29 /* TestComplete.swift */ = {isa = PBXFileReference; lastKnownFileType = sourcecode.swift; path = TestComplete.swift; sourceTree = "<group>"; };
		OBJ_30 /* TestSimple.swift */ = {isa = PBXFileReference; lastKnownFileType = sourcecode.swift; path = TestSimple.swift; sourceTree = "<group>"; };
		OBJ_31 /* CExample */ = {isa = PBXFileReference; lastKnownFileType = folder; path = CExample; sourceTree = SOURCE_ROOT; };
		OBJ_32 /* Headers */ = {isa = PBXFileReference; lastKnownFileType = folder; path = Headers; sourceTree = SOURCE_ROOT; };
		OBJ_33 /* Legacy */ = {isa = PBXFileReference; lastKnownFileType = folder; path = Legacy; sourceTree = SOURCE_ROOT; };
		OBJ_35 /* PMJSON.framework */ = {isa = PBXFileReference; explicitFileType = wrapper.framework; path = PMJSON.framework; sourceTree = BUILT_PRODUCTS_DIR; };
		OBJ_36 /* OSULogger.framework */ = {isa = PBXFileReference; explicitFileType = wrapper.framework; path = OSULogger.framework; sourceTree = BUILT_PRODUCTS_DIR; };
		OBJ_37 /* OSULoggerTests.xctest */ = {isa = PBXFileReference; lastKnownFileType = file; path = OSULoggerTests.xctest; sourceTree = BUILT_PRODUCTS_DIR; };
		OBJ_6 /* Package.swift */ = {isa = PBXFileReference; explicitFileType = sourcecode.swift; path = Package.swift; sourceTree = "<group>"; };
		OBJ_9 /* Accessors.swift */ = {isa = PBXFileReference; lastKnownFileType = sourcecode.swift; path = Accessors.swift; sourceTree = "<group>"; };
/* End PBXFileReference section */

/* Begin PBXFrameworksBuildPhase section */
		OBJ_52 /* Frameworks */ = {
			isa = PBXFrameworksBuildPhase;
			buildActionMask = 0;
			files = (
			);
			runOnlyForDeploymentPostprocessing = 0;
		};
		OBJ_66 /* Frameworks */ = {
			isa = PBXFrameworksBuildPhase;
			buildActionMask = 0;
			files = (
				OBJ_67 /* PMJSON.framework in Frameworks */,
			);
			runOnlyForDeploymentPostprocessing = 0;
		};
		OBJ_76 /* Frameworks */ = {
			isa = PBXFrameworksBuildPhase;
			buildActionMask = 0;
			files = (
				OBJ_77 /* PMJSON.framework in Frameworks */,
				OBJ_78 /* OSULogger.framework in Frameworks */,
			);
			runOnlyForDeploymentPostprocessing = 0;
		};
/* End PBXFrameworksBuildPhase section */

/* Begin PBXGroup section */
		OBJ_18 /* OSULogger */ = {
			isa = PBXGroup;
			children = (
				OBJ_19 /* CBridge.swift */,
				OBJ_20 /* OSUConsoleLoggerObserver.swift */,
				OBJ_21 /* OSULog.swift */,
				OBJ_22 /* OSULogger+JSON.swift */,
				OBJ_23 /* OSULogger+XML.swift */,
				OBJ_24 /* OSULogger.swift */,
				OBJ_25 /* OSULoggerObserver.swift */,
				OBJ_26 /* StringExtension.swift */,
			);
			name = OSULogger;
			path = Sources;
			sourceTree = SOURCE_ROOT;
		};
		OBJ_27 /* Tests */ = {
			isa = PBXGroup;
			children = (
				OBJ_28 /* OSULoggerTests */,
			);
			path = Tests;
			sourceTree = "<group>";
		};
		OBJ_28 /* OSULoggerTests */ = {
			isa = PBXGroup;
			children = (
				3C7647EC1E2E7CC900F962E8 /* exampleLog.json */,
				3C7647ED1E2E7CC900F962E8 /* exampleLog.string */,
				3C7647EE1E2E7CC900F962E8 /* exampleLog.xml */,
				OBJ_29 /* TestComplete.swift */,
				OBJ_30 /* TestSimple.swift */,
			);
			name = OSULoggerTests;
			path = Tests/OSULoggerTests;
			sourceTree = SOURCE_ROOT;
		};
		OBJ_34 /* Products */ = {
			isa = PBXGroup;
			children = (
				OBJ_35 /* PMJSON.framework */,
				OBJ_36 /* OSULogger.framework */,
				OBJ_37 /* OSULoggerTests.xctest */,
			);
			name = Products;
			sourceTree = BUILT_PRODUCTS_DIR;
		};
		OBJ_5 /*  */ = {
			isa = PBXGroup;
			children = (
				OBJ_6 /* Package.swift */,
				OBJ_7 /* Sources */,
				OBJ_27 /* Tests */,
				OBJ_31 /* CExample */,
				OBJ_32 /* Headers */,
				OBJ_33 /* Legacy */,
				OBJ_34 /* Products */,
			);
			name = "";
			sourceTree = "<group>";
		};
		OBJ_7 /* Sources */ = {
			isa = PBXGroup;
			children = (
				OBJ_8 /* PMJSON */,
				OBJ_18 /* OSULogger */,
			);
			path = Sources;
			sourceTree = "<group>";
		};
		OBJ_8 /* PMJSON */ = {
			isa = PBXGroup;
			children = (
				OBJ_9 /* Accessors.swift */,
				OBJ_10 /* DecimalNumber.swift */,
				OBJ_11 /* Decoder.swift */,
				OBJ_12 /* Encoder.swift */,
				OBJ_13 /* JSON.swift */,
				OBJ_14 /* JSONError.swift */,
				OBJ_15 /* JSONObject.swift */,
				OBJ_16 /* ObjectiveC.swift */,
				OBJ_17 /* Parser.swift */,
			);
			name = PMJSON;
			path = "Packages/PMJSON-2.0.1/Sources";
			sourceTree = SOURCE_ROOT;
		};
/* End PBXGroup section */

/* Begin PBXNativeTarget section */
		OBJ_38 /* PMJSON */ = {
			isa = PBXNativeTarget;
			buildConfigurationList = OBJ_39 /* Build configuration list for PBXNativeTarget "PMJSON" */;
			buildPhases = (
				OBJ_42 /* Sources */,
				OBJ_52 /* Frameworks */,
			);
			buildRules = (
			);
			dependencies = (
			);
			name = PMJSON;
			productName = PMJSON;
			productReference = OBJ_35 /* PMJSON.framework */;
			productType = "com.apple.product-type.framework";
		};
		OBJ_53 /* OSULogger */ = {
			isa = PBXNativeTarget;
			buildConfigurationList = OBJ_54 /* Build configuration list for PBXNativeTarget "OSULogger" */;
			buildPhases = (
				OBJ_57 /* Sources */,
				OBJ_66 /* Frameworks */,
			);
			buildRules = (
			);
			dependencies = (
				OBJ_68 /* PBXTargetDependency */,
			);
			name = OSULogger;
			productName = OSULogger;
			productReference = OBJ_36 /* OSULogger.framework */;
			productType = "com.apple.product-type.framework";
		};
		OBJ_69 /* OSULoggerTests */ = {
			isa = PBXNativeTarget;
			buildConfigurationList = OBJ_70 /* Build configuration list for PBXNativeTarget "OSULoggerTests" */;
			buildPhases = (
				OBJ_73 /* Sources */,
				OBJ_76 /* Frameworks */,
			);
			buildRules = (
			);
			dependencies = (
				OBJ_79 /* PBXTargetDependency */,
				OBJ_80 /* PBXTargetDependency */,
			);
			name = OSULoggerTests;
			productName = OSULoggerTests;
			productReference = OBJ_37 /* OSULoggerTests.xctest */;
			productType = "com.apple.product-type.bundle.unit-test";
		};
/* End PBXNativeTarget section */

/* Begin PBXProject section */
		OBJ_1 /* Project object */ = {
			isa = PBXProject;
			attributes = {
				LastUpgradeCheck = 9999;
			};
			buildConfigurationList = OBJ_2 /* Build configuration list for PBXProject "OSULogger" */;
			compatibilityVersion = "Xcode 3.2";
			developmentRegion = English;
			hasScannedForEncodings = 0;
			knownRegions = (
				en,
			);
			mainGroup = OBJ_5 /*  */;
			productRefGroup = OBJ_34 /* Products */;
			projectDirPath = "";
			projectRoot = "";
			targets = (
				OBJ_38 /* PMJSON */,
				OBJ_53 /* OSULogger */,
				OBJ_69 /* OSULoggerTests */,
			);
		};
/* End PBXProject section */

/* Begin PBXSourcesBuildPhase section */
		OBJ_42 /* Sources */ = {
			isa = PBXSourcesBuildPhase;
			buildActionMask = 0;
			files = (
				OBJ_43 /* Accessors.swift in Sources */,
				OBJ_44 /* DecimalNumber.swift in Sources */,
				OBJ_45 /* Decoder.swift in Sources */,
				OBJ_46 /* Encoder.swift in Sources */,
				OBJ_47 /* JSON.swift in Sources */,
				OBJ_48 /* JSONError.swift in Sources */,
				OBJ_49 /* JSONObject.swift in Sources */,
				OBJ_50 /* ObjectiveC.swift in Sources */,
				OBJ_51 /* Parser.swift in Sources */,
			);
			runOnlyForDeploymentPostprocessing = 0;
		};
		OBJ_57 /* Sources */ = {
			isa = PBXSourcesBuildPhase;
			buildActionMask = 0;
			files = (
				OBJ_58 /* CBridge.swift in Sources */,
				OBJ_59 /* OSUConsoleLoggerObserver.swift in Sources */,
				OBJ_60 /* OSULog.swift in Sources */,
				OBJ_61 /* OSULogger+JSON.swift in Sources */,
				OBJ_62 /* OSULogger+XML.swift in Sources */,
				OBJ_63 /* OSULogger.swift in Sources */,
				OBJ_64 /* OSULoggerObserver.swift in Sources */,
				OBJ_65 /* StringExtension.swift in Sources */,
			);
			runOnlyForDeploymentPostprocessing = 0;
		};
		OBJ_73 /* Sources */ = {
			isa = PBXSourcesBuildPhase;
			buildActionMask = 0;
			files = (
				OBJ_74 /* TestComplete.swift in Sources */,
				OBJ_75 /* TestSimple.swift in Sources */,
			);
			runOnlyForDeploymentPostprocessing = 0;
		};
/* End PBXSourcesBuildPhase section */

/* Begin PBXTargetDependency section */
		OBJ_68 /* PBXTargetDependency */ = {
			isa = PBXTargetDependency;
			target = OBJ_38 /* PMJSON */;
			targetProxy = 3C7647E91E2E7B9200F962E8 /* PBXContainerItemProxy */;
		};
		OBJ_79 /* PBXTargetDependency */ = {
			isa = PBXTargetDependency;
			target = OBJ_38 /* PMJSON */;
			targetProxy = 3C7647EA1E2E7B9200F962E8 /* PBXContainerItemProxy */;
		};
		OBJ_80 /* PBXTargetDependency */ = {
			isa = PBXTargetDependency;
			target = OBJ_53 /* OSULogger */;
			targetProxy = 3C7647EB1E2E7B9200F962E8 /* PBXContainerItemProxy */;
		};
/* End PBXTargetDependency section */

/* Begin XCBuildConfiguration section */
		OBJ_3 /* Debug */ = {
			isa = XCBuildConfiguration;
			buildSettings = {
				COMBINE_HIDPI_IMAGES = YES;
				COPY_PHASE_STRIP = NO;
				DEBUG_INFORMATION_FORMAT = dwarf;
				DYLIB_INSTALL_NAME_BASE = "@rpath";
				ENABLE_NS_ASSERTIONS = YES;
				GCC_OPTIMIZATION_LEVEL = 0;
				MACOSX_DEPLOYMENT_TARGET = 10.10;
				ONLY_ACTIVE_ARCH = YES;
				OTHER_SWIFT_FLAGS = "-DXcode";
				PRODUCT_NAME = "$(TARGET_NAME)";
				SDKROOT = macosx;
				SUPPORTED_PLATFORMS = "macosx iphoneos iphonesimulator appletvos appletvsimulator watchos watchsimulator";
				SWIFT_ACTIVE_COMPILATION_CONDITIONS = SWIFT_PACKAGE;
				SWIFT_OPTIMIZATION_LEVEL = "-Onone";
				SWIFT_VERSION = 3.0;
				USE_HEADERMAP = NO;
			};
			name = Debug;
		};
		OBJ_4 /* Release */ = {
			isa = XCBuildConfiguration;
			buildSettings = {
				COMBINE_HIDPI_IMAGES = YES;
				COPY_PHASE_STRIP = YES;
				DEBUG_INFORMATION_FORMAT = "dwarf-with-dsym";
				DYLIB_INSTALL_NAME_BASE = "@rpath";
				GCC_OPTIMIZATION_LEVEL = s;
				MACOSX_DEPLOYMENT_TARGET = 10.10;
				OTHER_SWIFT_FLAGS = "-DXcode";
				PRODUCT_NAME = "$(TARGET_NAME)";
				SDKROOT = macosx;
				SUPPORTED_PLATFORMS = "macosx iphoneos iphonesimulator appletvos appletvsimulator watchos watchsimulator";
				SWIFT_ACTIVE_COMPILATION_CONDITIONS = SWIFT_PACKAGE;
				SWIFT_OPTIMIZATION_LEVEL = "-O";
				SWIFT_VERSION = 3.0;
				USE_HEADERMAP = NO;
			};
			name = Release;
		};
		OBJ_40 /* Debug */ = {
			isa = XCBuildConfiguration;
			buildSettings = {
				ENABLE_TESTABILITY = YES;
				FRAMEWORK_SEARCH_PATHS = (
					"$(inherited)",
					"$(PLATFORM_DIR)/Developer/Library/Frameworks",
				);
				HEADER_SEARCH_PATHS = "$(inherited)";
				INFOPLIST_FILE = OSULogger.xcodeproj/PMJSON_Info.plist;
				LD_RUNPATH_SEARCH_PATHS = "$(TOOLCHAIN_DIR)/usr/lib/swift/macosx";
				OTHER_LDFLAGS = "$(inherited)";
				OTHER_SWIFT_FLAGS = "$(inherited)";
				PRODUCT_BUNDLE_IDENTIFIER = PMJSON;
				PRODUCT_MODULE_NAME = "$(TARGET_NAME:c99extidentifier)";
				PRODUCT_NAME = "$(TARGET_NAME:c99extidentifier)";
				TARGET_NAME = PMJSON;
			};
			name = Debug;
		};
		OBJ_41 /* Release */ = {
			isa = XCBuildConfiguration;
			buildSettings = {
				ENABLE_TESTABILITY = YES;
				FRAMEWORK_SEARCH_PATHS = (
					"$(inherited)",
					"$(PLATFORM_DIR)/Developer/Library/Frameworks",
				);
				HEADER_SEARCH_PATHS = "$(inherited)";
				INFOPLIST_FILE = OSULogger.xcodeproj/PMJSON_Info.plist;
				LD_RUNPATH_SEARCH_PATHS = "$(TOOLCHAIN_DIR)/usr/lib/swift/macosx";
				OTHER_LDFLAGS = "$(inherited)";
				OTHER_SWIFT_FLAGS = "$(inherited)";
				PRODUCT_BUNDLE_IDENTIFIER = PMJSON;
				PRODUCT_MODULE_NAME = "$(TARGET_NAME:c99extidentifier)";
				PRODUCT_NAME = "$(TARGET_NAME:c99extidentifier)";
				TARGET_NAME = PMJSON;
			};
			name = Release;
		};
		OBJ_55 /* Debug */ = {
			isa = XCBuildConfiguration;
			buildSettings = {
				ENABLE_TESTABILITY = YES;
				FRAMEWORK_SEARCH_PATHS = (
					"$(inherited)",
					"$(PLATFORM_DIR)/Developer/Library/Frameworks",
				);
				HEADER_SEARCH_PATHS = "$(inherited)";
				INFOPLIST_FILE = OSULogger.xcodeproj/OSULogger_Info.plist;
				LD_RUNPATH_SEARCH_PATHS = "$(TOOLCHAIN_DIR)/usr/lib/swift/macosx";
				OTHER_LDFLAGS = "$(inherited)";
				OTHER_SWIFT_FLAGS = "$(inherited)";
				PRODUCT_BUNDLE_IDENTIFIER = OSULogger;
				PRODUCT_MODULE_NAME = "$(TARGET_NAME:c99extidentifier)";
				PRODUCT_NAME = "$(TARGET_NAME:c99extidentifier)";
				TARGET_NAME = OSULogger;
			};
			name = Debug;
		};
		OBJ_56 /* Release */ = {
			isa = XCBuildConfiguration;
			buildSettings = {
				ENABLE_TESTABILITY = YES;
				FRAMEWORK_SEARCH_PATHS = (
					"$(inherited)",
					"$(PLATFORM_DIR)/Developer/Library/Frameworks",
				);
				HEADER_SEARCH_PATHS = "$(inherited)";
				INFOPLIST_FILE = OSULogger.xcodeproj/OSULogger_Info.plist;
				LD_RUNPATH_SEARCH_PATHS = "$(TOOLCHAIN_DIR)/usr/lib/swift/macosx";
				OTHER_LDFLAGS = "$(inherited)";
				OTHER_SWIFT_FLAGS = "$(inherited)";
				PRODUCT_BUNDLE_IDENTIFIER = OSULogger;
				PRODUCT_MODULE_NAME = "$(TARGET_NAME:c99extidentifier)";
				PRODUCT_NAME = "$(TARGET_NAME:c99extidentifier)";
				TARGET_NAME = OSULogger;
			};
			name = Release;
		};
		OBJ_71 /* Debug */ = {
			isa = XCBuildConfiguration;
			buildSettings = {
				EMBEDDED_CONTENT_CONTAINS_SWIFT = YES;
				FRAMEWORK_SEARCH_PATHS = (
					"$(inherited)",
					"$(PLATFORM_DIR)/Developer/Library/Frameworks",
				);
				HEADER_SEARCH_PATHS = "$(inherited)";
				INFOPLIST_FILE = OSULogger.xcodeproj/OSULoggerTests_Info.plist;
				LD_RUNPATH_SEARCH_PATHS = "@loader_path/../Frameworks";
				OTHER_LDFLAGS = "$(inherited)";
				OTHER_SWIFT_FLAGS = "$(inherited)";
				TARGET_NAME = OSULoggerTests;
			};
			name = Debug;
		};
		OBJ_72 /* Release */ = {
			isa = XCBuildConfiguration;
			buildSettings = {
				EMBEDDED_CONTENT_CONTAINS_SWIFT = YES;
				FRAMEWORK_SEARCH_PATHS = (
					"$(inherited)",
					"$(PLATFORM_DIR)/Developer/Library/Frameworks",
				);
				HEADER_SEARCH_PATHS = "$(inherited)";
				INFOPLIST_FILE = OSULogger.xcodeproj/OSULoggerTests_Info.plist;
				LD_RUNPATH_SEARCH_PATHS = "@loader_path/../Frameworks";
				OTHER_LDFLAGS = "$(inherited)";
				OTHER_SWIFT_FLAGS = "$(inherited)";
				TARGET_NAME = OSULoggerTests;
			};
			name = Release;
		};
/* End XCBuildConfiguration section */

/* Begin XCConfigurationList section */
		OBJ_2 /* Build configuration list for PBXProject "OSULogger" */ = {
			isa = XCConfigurationList;
			buildConfigurations = (
				OBJ_3 /* Debug */,
				OBJ_4 /* Release */,
			);
			defaultConfigurationIsVisible = 0;
			defaultConfigurationName = Debug;
		};
		OBJ_39 /* Build configuration list for PBXNativeTarget "PMJSON" */ = {
			isa = XCConfigurationList;
			buildConfigurations = (
				OBJ_40 /* Debug */,
				OBJ_41 /* Release */,
			);
			defaultConfigurationIsVisible = 0;
			defaultConfigurationName = Debug;
		};
		OBJ_54 /* Build configuration list for PBXNativeTarget "OSULogger" */ = {
			isa = XCConfigurationList;
			buildConfigurations = (
				OBJ_55 /* Debug */,
				OBJ_56 /* Release */,
			);
			defaultConfigurationIsVisible = 0;
			defaultConfigurationName = Debug;
		};
		OBJ_70 /* Build configuration list for PBXNativeTarget "OSULoggerTests" */ = {
			isa = XCConfigurationList;
			buildConfigurations = (
				OBJ_71 /* Debug */,
				OBJ_72 /* Release */,
			);
			defaultConfigurationIsVisible = 0;
			defaultConfigurationName = Debug;
		};
/* End XCConfigurationList section */
	};
	rootObject = OBJ_1 /* Project object */;
}
