// !$*UTF8*$!
{
	archiveVersion = 1;
	classes = {
	};
	objectVersion = 46;
	objects = {

/* Begin PBXBuildFile section */
		3C210B31138B15CE00FFA1BA /* Cocoa.framework in Frameworks */ = {isa = PBXBuildFile; fileRef = 3C210B30138B15CE00FFA1BA /* Cocoa.framework */; };
		3C210B3B138B15CE00FFA1BA /* InfoPlist.strings in Resources */ = {isa = PBXBuildFile; fileRef = 3C210B39138B15CE00FFA1BA /* InfoPlist.strings */; };
		3C210B45138B15F600FFA1BA /* OSULogger.h in Headers */ = {isa = PBXBuildFile; fileRef = 3C210B42138B15F600FFA1BA /* OSULogger.h */; };
		3C210B46138B15F600FFA1BA /* OSULogger.m in Sources */ = {isa = PBXBuildFile; fileRef = 3C210B43138B15F600FFA1BA /* OSULogger.m */; };
		3C210B47138B15F600FFA1BA /* versions.pl in Resources */ = {isa = PBXBuildFile; fileRef = 3C210B44138B15F600FFA1BA /* versions.pl */; };
/* End PBXBuildFile section */

/* Begin PBXFileReference section */
		3C210B2D138B15CE00FFA1BA /* OSULogger.framework */ = {isa = PBXFileReference; explicitFileType = wrapper.framework; includeInIndex = 0; path = OSULogger.framework; sourceTree = BUILT_PRODUCTS_DIR; };
		3C210B30138B15CE00FFA1BA /* Cocoa.framework */ = {isa = PBXFileReference; lastKnownFileType = wrapper.framework; name = Cocoa.framework; path = System/Library/Frameworks/Cocoa.framework; sourceTree = SDKROOT; };
		3C210B33138B15CE00FFA1BA /* AppKit.framework */ = {isa = PBXFileReference; lastKnownFileType = wrapper.framework; name = AppKit.framework; path = System/Library/Frameworks/AppKit.framework; sourceTree = SDKROOT; };
		3C210B34138B15CE00FFA1BA /* CoreData.framework */ = {isa = PBXFileReference; lastKnownFileType = wrapper.framework; name = CoreData.framework; path = System/Library/Frameworks/CoreData.framework; sourceTree = SDKROOT; };
		3C210B35138B15CE00FFA1BA /* Foundation.framework */ = {isa = PBXFileReference; lastKnownFileType = wrapper.framework; name = Foundation.framework; path = System/Library/Frameworks/Foundation.framework; sourceTree = SDKROOT; };
		3C210B38138B15CE00FFA1BA /* OSULogger-Info.plist */ = {isa = PBXFileReference; lastKnownFileType = text.plist.xml; path = "OSULogger-Info.plist"; sourceTree = "<group>"; };
		3C210B3A138B15CE00FFA1BA /* en */ = {isa = PBXFileReference; lastKnownFileType = text.plist.strings; name = en; path = en.lproj/InfoPlist.strings; sourceTree = "<group>"; };
		3C210B3C138B15CE00FFA1BA /* OSULogger-Prefix.pch */ = {isa = PBXFileReference; lastKnownFileType = sourcecode.c.h; path = "OSULogger-Prefix.pch"; sourceTree = "<group>"; };
		3C210B42138B15F600FFA1BA /* OSULogger.h */ = {isa = PBXFileReference; fileEncoding = 4; lastKnownFileType = sourcecode.c.h; path = OSULogger.h; sourceTree = "<group>"; };
		3C210B43138B15F600FFA1BA /* OSULogger.m */ = {isa = PBXFileReference; fileEncoding = 4; lastKnownFileType = sourcecode.c.objc; path = OSULogger.m; sourceTree = "<group>"; };
		3C210B44138B15F600FFA1BA /* versions.pl */ = {isa = PBXFileReference; fileEncoding = 4; lastKnownFileType = text.script.perl; path = versions.pl; sourceTree = "<group>"; };
/* End PBXFileReference section */

/* Begin PBXFrameworksBuildPhase section */
		3C210B29138B15CE00FFA1BA /* Frameworks */ = {
			isa = PBXFrameworksBuildPhase;
			buildActionMask = 2147483647;
			files = (
				3C210B31138B15CE00FFA1BA /* Cocoa.framework in Frameworks */,
			);
			runOnlyForDeploymentPostprocessing = 0;
		};
/* End PBXFrameworksBuildPhase section */

/* Begin PBXGroup section */
		3C210B21138B15CE00FFA1BA = {
			isa = PBXGroup;
			children = (
				3C210B36138B15CE00FFA1BA /* OSULogger */,
				3C210B2F138B15CE00FFA1BA /* Frameworks */,
				3C210B2E138B15CE00FFA1BA /* Products */,
			);
			sourceTree = "<group>";
		};
		3C210B2E138B15CE00FFA1BA /* Products */ = {
			isa = PBXGroup;
			children = (
				3C210B2D138B15CE00FFA1BA /* OSULogger.framework */,
			);
			name = Products;
			sourceTree = "<group>";
		};
		3C210B2F138B15CE00FFA1BA /* Frameworks */ = {
			isa = PBXGroup;
			children = (
				3C210B30138B15CE00FFA1BA /* Cocoa.framework */,
				3C210B32138B15CE00FFA1BA /* Other Frameworks */,
			);
			name = Frameworks;
			sourceTree = "<group>";
		};
		3C210B32138B15CE00FFA1BA /* Other Frameworks */ = {
			isa = PBXGroup;
			children = (
				3C210B33138B15CE00FFA1BA /* AppKit.framework */,
				3C210B34138B15CE00FFA1BA /* CoreData.framework */,
				3C210B35138B15CE00FFA1BA /* Foundation.framework */,
			);
			name = "Other Frameworks";
			sourceTree = "<group>";
		};
		3C210B36138B15CE00FFA1BA /* OSULogger */ = {
			isa = PBXGroup;
			children = (
				3C210B42138B15F600FFA1BA /* OSULogger.h */,
				3C210B43138B15F600FFA1BA /* OSULogger.m */,
				3C210B37138B15CE00FFA1BA /* Supporting Files */,
			);
			path = OSULogger;
			sourceTree = "<group>";
		};
		3C210B37138B15CE00FFA1BA /* Supporting Files */ = {
			isa = PBXGroup;
			children = (
				3C210B44138B15F600FFA1BA /* versions.pl */,
				3C210B38138B15CE00FFA1BA /* OSULogger-Info.plist */,
				3C210B39138B15CE00FFA1BA /* InfoPlist.strings */,
				3C210B3C138B15CE00FFA1BA /* OSULogger-Prefix.pch */,
			);
			name = "Supporting Files";
			sourceTree = "<group>";
		};
/* End PBXGroup section */

/* Begin PBXHeadersBuildPhase section */
		3C210B2A138B15CE00FFA1BA /* Headers */ = {
			isa = PBXHeadersBuildPhase;
			buildActionMask = 2147483647;
			files = (
				3C210B45138B15F600FFA1BA /* OSULogger.h in Headers */,
			);
			runOnlyForDeploymentPostprocessing = 0;
		};
/* End PBXHeadersBuildPhase section */

/* Begin PBXNativeTarget section */
		3C210B2C138B15CE00FFA1BA /* OSULogger */ = {
			isa = PBXNativeTarget;
			buildConfigurationList = 3C210B3F138B15CE00FFA1BA /* Build configuration list for PBXNativeTarget "OSULogger" */;
			buildPhases = (
				3C210B28138B15CE00FFA1BA /* Sources */,
				3C210B29138B15CE00FFA1BA /* Frameworks */,
				3C210B2A138B15CE00FFA1BA /* Headers */,
				3C210B2B138B15CE00FFA1BA /* Resources */,
			);
			buildRules = (
			);
			dependencies = (
			);
			name = OSULogger;
			productName = OSULogger;
			productReference = 3C210B2D138B15CE00FFA1BA /* OSULogger.framework */;
			productType = "com.apple.product-type.framework";
		};
/* End PBXNativeTarget section */

/* Begin PBXProject section */
		3C210B23138B15CE00FFA1BA /* Project object */ = {
			isa = PBXProject;
			attributes = {
				ORGANIZATIONNAME = "Oregon State University (COAS)";
			};
			buildConfigurationList = 3C210B26138B15CE00FFA1BA /* Build configuration list for PBXProject "OSULogger" */;
			compatibilityVersion = "Xcode 3.2";
			developmentRegion = English;
			hasScannedForEncodings = 0;
			knownRegions = (
				en,
			);
			mainGroup = 3C210B21138B15CE00FFA1BA;
			productRefGroup = 3C210B2E138B15CE00FFA1BA /* Products */;
			projectDirPath = "";
			projectRoot = "";
			targets = (
				3C210B2C138B15CE00FFA1BA /* OSULogger */,
			);
		};
/* End PBXProject section */

/* Begin PBXResourcesBuildPhase section */
		3C210B2B138B15CE00FFA1BA /* Resources */ = {
			isa = PBXResourcesBuildPhase;
			buildActionMask = 2147483647;
			files = (
				3C210B3B138B15CE00FFA1BA /* InfoPlist.strings in Resources */,
				3C210B47138B15F600FFA1BA /* versions.pl in Resources */,
			);
			runOnlyForDeploymentPostprocessing = 0;
		};
/* End PBXResourcesBuildPhase section */

/* Begin PBXSourcesBuildPhase section */
		3C210B28138B15CE00FFA1BA /* Sources */ = {
			isa = PBXSourcesBuildPhase;
			buildActionMask = 2147483647;
			files = (
				3C210B46138B15F600FFA1BA /* OSULogger.m in Sources */,
			);
			runOnlyForDeploymentPostprocessing = 0;
		};
/* End PBXSourcesBuildPhase section */

/* Begin PBXVariantGroup section */
		3C210B39138B15CE00FFA1BA /* InfoPlist.strings */ = {
			isa = PBXVariantGroup;
			children = (
				3C210B3A138B15CE00FFA1BA /* en */,
			);
			name = InfoPlist.strings;
			sourceTree = "<group>";
		};
/* End PBXVariantGroup section */

/* Begin XCBuildConfiguration section */
		3C210B3D138B15CE00FFA1BA /* Debug */ = {
			isa = XCBuildConfiguration;
			buildSettings = {
				ALWAYS_SEARCH_USER_PATHS = NO;
				ARCHS = "$(ARCHS_STANDARD_32_64_BIT)";
				COPY_PHASE_STRIP = NO;
				GCC_C_LANGUAGE_STANDARD = gnu99;
				GCC_DYNAMIC_NO_PIC = NO;
				GCC_ENABLE_OBJC_EXCEPTIONS = YES;
				GCC_OPTIMIZATION_LEVEL = 0;
				GCC_PREPROCESSOR_DEFINITIONS = (
					"DEBUG=1",
					"$(inherited)",
				);
				GCC_SYMBOLS_PRIVATE_EXTERN = NO;
				GCC_VERSION = com.apple.compilers.llvm.clang.1_0;
				GCC_WARN_64_TO_32_BIT_CONVERSION = YES;
				GCC_WARN_ABOUT_MISSING_PROTOTYPES = YES;
				GCC_WARN_ABOUT_RETURN_TYPE = YES;
				GCC_WARN_UNUSED_VARIABLE = YES;
				MACOSX_DEPLOYMENT_TARGET = 10.7;
				ONLY_ACTIVE_ARCH = YES;
				SDKROOT = macosx;
			};
			name = Debug;
		};
		3C210B3E138B15CE00FFA1BA /* Release */ = {
			isa = XCBuildConfiguration;
			buildSettings = {
				ALWAYS_SEARCH_USER_PATHS = NO;
				ARCHS = "$(ARCHS_STANDARD_32_64_BIT)";
				COPY_PHASE_STRIP = YES;
				DEBUG_INFORMATION_FORMAT = "dwarf-with-dsym";
				GCC_C_LANGUAGE_STANDARD = gnu99;
				GCC_ENABLE_OBJC_EXCEPTIONS = YES;
				GCC_VERSION = com.apple.compilers.llvm.clang.1_0;
				GCC_WARN_64_TO_32_BIT_CONVERSION = YES;
				GCC_WARN_ABOUT_MISSING_PROTOTYPES = YES;
				GCC_WARN_ABOUT_RETURN_TYPE = YES;
				GCC_WARN_UNUSED_VARIABLE = YES;
				MACOSX_DEPLOYMENT_TARGET = 10.7;
				SDKROOT = macosx;
			};
			name = Release;
		};
		3C210B40138B15CE00FFA1BA /* Debug */ = {
			isa = XCBuildConfiguration;
			buildSettings = {
				DYLIB_COMPATIBILITY_VERSION = 1;
				DYLIB_CURRENT_VERSION = 1;
				FRAMEWORK_VERSION = A;
				GCC_PRECOMPILE_PREFIX_HEADER = YES;
				GCC_PREFIX_HEADER = "OSULogger/OSULogger-Prefix.pch";
				INFOPLIST_FILE = "OSULogger/OSULogger-Info.plist";
				PRODUCT_NAME = "$(TARGET_NAME)";
				WRAPPER_EXTENSION = framework;
			};
			name = Debug;
		};
		3C210B41138B15CE00FFA1BA /* Release */ = {
			isa = XCBuildConfiguration;
			buildSettings = {
				DYLIB_COMPATIBILITY_VERSION = 1;
				DYLIB_CURRENT_VERSION = 1;
				FRAMEWORK_VERSION = A;
				GCC_PRECOMPILE_PREFIX_HEADER = YES;
				GCC_PREFIX_HEADER = "OSULogger/OSULogger-Prefix.pch";
				INFOPLIST_FILE = "OSULogger/OSULogger-Info.plist";
				PRODUCT_NAME = "$(TARGET_NAME)";
				WRAPPER_EXTENSION = framework;
			};
			name = Release;
		};
/* End XCBuildConfiguration section */

/* Begin XCConfigurationList section */
		3C210B26138B15CE00FFA1BA /* Build configuration list for PBXProject "OSULogger" */ = {
			isa = XCConfigurationList;
			buildConfigurations = (
				3C210B3D138B15CE00FFA1BA /* Debug */,
				3C210B3E138B15CE00FFA1BA /* Release */,
			);
			defaultConfigurationIsVisible = 0;
			defaultConfigurationName = Release;
		};
		3C210B3F138B15CE00FFA1BA /* Build configuration list for PBXNativeTarget "OSULogger" */ = {
			isa = XCConfigurationList;
			buildConfigurations = (
				3C210B40138B15CE00FFA1BA /* Debug */,
				3C210B41138B15CE00FFA1BA /* Release */,
			);
			defaultConfigurationIsVisible = 0;
		};
/* End XCConfigurationList section */
	};
	rootObject = 3C210B23138B15CE00FFA1BA /* Project object */;
}
